{
    "_readme": [
        "This file locks the dependencies of your project to a known state",
        "Read more about it at https://getcomposer.org/doc/01-basic-usage.md#installing-dependencies",
        "This file is @generated automatically"
    ],
    "content-hash": "72632fbeb7cc12377d535fd60f0f6a93",
    "packages": [
        {
            "name": "composer/installers",
            "version": "v1.12.0",
            "source": {
                "type": "git",
                "url": "https://github.com/composer/installers.git",
                "reference": "d20a64ed3c94748397ff5973488761b22f6d3f19"
            },
            "dist": {
                "type": "zip",
                "url": "https://api.github.com/repos/composer/installers/zipball/d20a64ed3c94748397ff5973488761b22f6d3f19",
                "reference": "d20a64ed3c94748397ff5973488761b22f6d3f19",
                "shasum": ""
            },
            "require": {
                "composer-plugin-api": "^1.0 || ^2.0"
            },
            "replace": {
                "roundcube/plugin-installer": "*",
                "shama/baton": "*"
            },
            "require-dev": {
                "composer/composer": "1.6.* || ^2.0",
                "composer/semver": "^1 || ^3",
                "phpstan/phpstan": "^0.12.55",
                "phpstan/phpstan-phpunit": "^0.12.16",
                "symfony/phpunit-bridge": "^4.2 || ^5",
                "symfony/process": "^2.3"
            },
            "type": "composer-plugin",
            "extra": {
                "class": "Composer\\Installers\\Plugin",
                "branch-alias": {
                    "dev-main": "1.x-dev"
                }
            },
            "autoload": {
                "psr-4": {
                    "Composer\\Installers\\": "src/Composer/Installers"
                }
            },
            "notification-url": "https://packagist.org/downloads/",
            "license": [
                "MIT"
            ],
            "authors": [
                {
                    "name": "Kyle Robinson Young",
                    "email": "kyle@dontkry.com",
                    "homepage": "https://github.com/shama"
                }
            ],
            "description": "A multi-framework Composer library installer",
            "homepage": "https://composer.github.io/installers/",
            "keywords": [
                "Craft",
                "Dolibarr",
                "Eliasis",
                "Hurad",
                "ImageCMS",
                "Kanboard",
                "Lan Management System",
                "MODX Evo",
                "MantisBT",
                "Mautic",
                "Maya",
                "OXID",
                "Plentymarkets",
                "Porto",
                "RadPHP",
                "SMF",
                "Starbug",
                "Thelia",
                "Whmcs",
                "WolfCMS",
                "agl",
                "aimeos",
                "annotatecms",
                "attogram",
                "bitrix",
                "cakephp",
                "chef",
                "cockpit",
                "codeigniter",
                "concrete5",
                "croogo",
                "dokuwiki",
                "drupal",
                "eZ Platform",
                "elgg",
                "expressionengine",
                "fuelphp",
                "grav",
                "installer",
                "itop",
                "joomla",
                "known",
                "kohana",
                "laravel",
                "lavalite",
                "lithium",
                "magento",
                "majima",
                "mako",
                "mediawiki",
                "miaoxing",
                "modulework",
                "modx",
                "moodle",
                "osclass",
                "pantheon",
                "phpbb",
                "piwik",
                "ppi",
                "processwire",
                "puppet",
                "pxcms",
                "reindex",
                "roundcube",
                "shopware",
                "silverstripe",
                "sydes",
                "sylius",
                "symfony",
                "tastyigniter",
                "typo3",
                "wordpress",
                "yawik",
                "zend",
                "zikula"
            ],
            "support": {
                "issues": "https://github.com/composer/installers/issues",
                "source": "https://github.com/composer/installers/tree/v1.12.0"
            },
            "funding": [
                {
                    "url": "https://packagist.com",
                    "type": "custom"
                },
                {
                    "url": "https://github.com/composer",
                    "type": "github"
                },
                {
                    "url": "https://tidelift.com/funding/github/packagist/composer/composer",
                    "type": "tidelift"
                }
            ],
            "time": "2021-09-13T08:19:44+00:00"
        },
        {
            "name": "winter/wn-pages-plugin",
            "version": "v2.1.0",
            "source": {
                "type": "git",
                "url": "https://github.com/wintercms/wn-pages-plugin.git",
                "reference": "070abc62466266d06c48138a52670c7f6c9e0f0b"
            },
            "dist": {
                "type": "zip",
                "url": "https://api.github.com/repos/wintercms/wn-pages-plugin/zipball/070abc62466266d06c48138a52670c7f6c9e0f0b",
                "reference": "070abc62466266d06c48138a52670c7f6c9e0f0b",
                "shasum": ""
            },
            "require": {
                "composer/installers": "~1.0",
                "php": ">=7.2"
            },
            "replace": {
                "rainlab/pages-plugin": "~1.3"
            },
            "type": "winter-plugin",
            "extra": {
                "installer-name": "pages"
            },
            "notification-url": "https://packagist.org/downloads/",
            "license": [
                "MIT"
            ],
            "authors": [
                {
                    "name": "Alexey Bobkov",
                    "email": "aleksey.bobkov@gmail.com",
                    "role": "Original Author"
                },
                {
                    "name": "Samuel Georges",
                    "email": "daftspunky@gmail.com",
                    "role": "Original Author"
                },
                {
                    "name": "Winter CMS Maintainers",
                    "homepage": "https://wintercms.com",
                    "role": "Maintainer"
                }
            ],
            "description": "Pages plugin for Winter CMS",
            "homepage": "https://github.com/wintercms/wn-pages-plugin",
            "keywords": [
                "cms",
                "pages",
                "plugin",
                "static",
                "winter",
                "winter cms"
            ],
            "support": {
                "discord": "https://discord.gg/D5MFSPH6Ux",
                "issues": "https://github.com/wintercms/wn-pages-plugin/issues",
                "source": "https://github.com/wintercms/wn-pages-plugin"
            },
            "funding": [
                {
                    "url": "https://github.com/wintercms",
                    "type": "github"
                },
                {
                    "url": "https://opencollective.com/wintercms",
                    "type": "open_collective"
                }
            ],
            "time": "2023-03-09T16:41:39+00:00"
        }
    ],
    "packages-dev": [],
    "aliases": [],
    "minimum-stability": "stable",
    "stability-flags": [],
    "prefer-stable": false,
    "prefer-lowest": false,
    "platform": [],
    "platform-dev": [],
    "plugin-api-version": "2.3.0"
}
